
Microsoft Visual Studio Solution File, Format Version 12.00
# Visual Studio Version 17
VisualStudioVersion = 17.11.35312.102
MinimumVisualStudioVersion = 10.0.40219.1
Project("{9A19103F-16F7-4668-BE54-9A1E7A4F7556}") = "EmployeeMaintenance.API", "EmployeeMaintenance\EmployeeMaintenance.API.csproj", "{603F0019-0301-4B82-8DB7-6E43CCD62B30}"
EndProject
Project("{9A19103F-16F7-4668-BE54-9A1E7A4F7556}") = "EmployeeMaintenance.DAL", "EmployeeMaintenance.DAL\EmployeeMaintenance.DAL.csproj", "{8320DE03-3125-4F1B-BBAC-12042A5F23ED}"
EndProject
Project("{9A19103F-16F7-4668-BE54-9A1E7A4F7556}") = "EmployeeMaintenance.DL", "EmployeeMaintenance.DL\EmployeeMaintenance.DL.csproj", "{AB53F9FF-C382-4F8A-8607-E0A854134902}"
EndProject
Project("{FAE04EC0-301F-11D3-BF4B-00C04F79EFBC}") = "EmployeeMaintenance.BLL", "EmployeeMaintenance.BLL\EmployeeMaintenance.BLL.csproj", "{E64C1377-4E76-44A9-A58C-B21B5BF63D9B}"
EndProject
Project("{FAE04EC0-301F-11D3-BF4B-00C04F79EFBC}") = "EmployeeMaintenance.Tests", "tests\EmployeeMaintenance.Base.Tests\EmployeeMaintenance.Tests.csproj", "{D9CCCC1F-3B79-4B7A-BF79-AD518B96B644}"
EndProject
Project("{2150E333-8FDC-42A3-9474-1A3956D46DE8}") = "tests", "tests", "{97C39301-7772-4A35-AC2D-74853DF36ED6}"
EndProject
Global
	GlobalSection(SolutionConfigurationPlatforms) = preSolution
		Debug|Any CPU = Debug|Any CPU
		Release|Any CPU = Release|Any CPU
	EndGlobalSection
	GlobalSection(ProjectConfigurationPlatforms) = postSolution
		{603F0019-0301-4B82-8DB7-6E43CCD62B30}.Debug|Any CPU.ActiveCfg = Debug|Any CPU
		{603F0019-0301-4B82-8DB7-6E43CCD62B30}.Debug|Any CPU.Build.0 = Debug|Any CPU
		{603F0019-0301-4B82-8DB7-6E43CCD62B30}.Release|Any CPU.ActiveCfg = Release|Any CPU
		{603F0019-0301-4B82-8DB7-6E43CCD62B30}.Release|Any CPU.Build.0 = Release|Any CPU
		{8320DE03-3125-4F1B-BBAC-12042A5F23ED}.Debug|Any CPU.ActiveCfg = Debug|Any CPU
		{8320DE03-3125-4F1B-BBAC-12042A5F23ED}.Debug|Any CPU.Build.0 = Debug|Any CPU
		{8320DE03-3125-4F1B-BBAC-12042A5F23ED}.Release|Any CPU.ActiveCfg = Release|Any CPU
		{8320DE03-3125-4F1B-BBAC-12042A5F23ED}.Release|Any CPU.Build.0 = Release|Any CPU
		{AB53F9FF-C382-4F8A-8607-E0A854134902}.Debug|Any CPU.ActiveCfg = Debug|Any CPU
		{AB53F9FF-C382-4F8A-8607-E0A854134902}.Debug|Any CPU.Build.0 = Debug|Any CPU
		{AB53F9FF-C382-4F8A-8607-E0A854134902}.Release|Any CPU.ActiveCfg = Release|Any CPU
		{AB53F9FF-C382-4F8A-8607-E0A854134902}.Release|Any CPU.Build.0 = Release|Any CPU
		{E64C1377-4E76-44A9-A58C-B21B5BF63D9B}.Debug|Any CPU.ActiveCfg = Debug|Any CPU
		{E64C1377-4E76-44A9-A58C-B21B5BF63D9B}.Debug|Any CPU.Build.0 = Debug|Any CPU
		{E64C1377-4E76-44A9-A58C-B21B5BF63D9B}.Release|Any CPU.ActiveCfg = Release|Any CPU
		{E64C1377-4E76-44A9-A58C-B21B5BF63D9B}.Release|Any CPU.Build.0 = Release|Any CPU
		{D9CCCC1F-3B79-4B7A-BF79-AD518B96B644}.Debug|Any CPU.ActiveCfg = Debug|Any CPU
		{D9CCCC1F-3B79-4B7A-BF79-AD518B96B644}.Debug|Any CPU.Build.0 = Debug|Any CPU
		{D9CCCC1F-3B79-4B7A-BF79-AD518B96B644}.Release|Any CPU.ActiveCfg = Release|Any CPU
		{D9CCCC1F-3B79-4B7A-BF79-AD518B96B644}.Release|Any CPU.Build.0 = Release|Any CPU
	EndGlobalSection
	GlobalSection(SolutionProperties) = preSolution
		HideSolutionNode = FALSE
	EndGlobalSection
	GlobalSection(NestedProjects) = preSolution
		{D9CCCC1F-3B79-4B7A-BF79-AD518B96B644} = {97C39301-7772-4A35-AC2D-74853DF36ED6}
	EndGlobalSection
	GlobalSection(ExtensibilityGlobals) = postSolution
		SolutionGuid = {AE1568A9-445C-41CA-A19A-BF4B7B6DCFF3}
	EndGlobalSection
EndGlobal
